{
    "_readme": [
        "This file locks the dependencies of your project to a known state",
        "Read more about it at https://getcomposer.org/doc/01-basic-usage.md#installing-dependencies",
        "This file is @generated automatically"
    ],
    "content-hash": "91b0b3ddc9e4554831d4cefca6703147",
    "packages": [
        {
            "name": "collizo4sky/persist-admin-notices-dismissal",
            "version": "1.4.4",
            "source": {
                "type": "git",
                "url": "https://github.com/w3guy/persist-admin-notices-dismissal.git",
                "reference": "900739eb6b0ec0210465f5983a6d4e0e420289e4"
            },
            "dist": {
                "type": "zip",
                "url": "https://api.github.com/repos/w3guy/persist-admin-notices-dismissal/zipball/900739eb6b0ec0210465f5983a6d4e0e420289e4",
                "reference": "900739eb6b0ec0210465f5983a6d4e0e420289e4",
                "shasum": ""
            },
            "require": {
                "php": ">=5.4"
            },
            "type": "library",
            "autoload": {
                "classmap": [
                    "persist-admin-notices-dismissal.php"
                ]
            },
            "notification-url": "https://packagist.org/downloads/",
            "license": [
                "GPL-3.0-or-later"
            ],
            "authors": [
                {
                    "name": "Collins Agbonghama",
                    "email": "me@w3guy.com",
                    "role": "developer"
                }
            ],
            "description": "Simple library to persist dismissal of admin notices across pages in WordPress dashboard.",
            "support": {
                "issues": "https://github.com/w3guy/persist-admin-notices-dismissal/issues",
                "source": "https://github.com/w3guy/persist-admin-notices-dismissal"
            },
            "time": "2020-12-31T17:12:37+00:00"
        },
        {
            "name": "zordius/lightncandy",
            "version": "v1.2.6",
            "source": {
                "type": "git",
                "url": "https://github.com/zordius/lightncandy.git",
                "reference": "b451f73e8b5c73e62e365997ba3c993a0376b72a"
            },
            "dist": {
                "type": "zip",
                "url": "https://api.github.com/repos/zordius/lightncandy/zipball/b451f73e8b5c73e62e365997ba3c993a0376b72a",
                "reference": "b451f73e8b5c73e62e365997ba3c993a0376b72a",
                "shasum": ""
            },
            "require": {
                "php": ">=7.1.0"
            },
            "require-dev": {
                "phpunit/phpunit": ">=7"
            },
            "type": "library",
            "extra": {
                "branch-alias": {
                    "dev-master": "1.2.5-dev"
                }
            },
            "autoload": {
                "psr-4": {
                    "LightnCandy\\": "src"
                }
            },
            "notification-url": "https://packagist.org/downloads/",
            "license": [
                "MIT"
            ],
            "authors": [
                {
                    "name": "Zordius Chen",
                    "email": "zordius@gmail.com"
                }
            ],
            "description": "An extremely fast PHP implementation of handlebars ( http://handlebarsjs.com/ ) and mustache ( http://mustache.github.io/ ).",
            "homepage": "https://github.com/zordius/lightncandy",
            "keywords": [
                "handlebars",
                "logicless",
                "mustache",
                "php",
                "template"
            ],
            "support": {
                "issues": "https://github.com/zordius/lightncandy/issues",
                "source": "https://github.com/zordius/lightncandy/tree/v1.2.6"
            },
            "time": "2021-07-11T04:52:41+00:00"
        }
    ],
    "packages-dev": [],
    "aliases": [],
    "minimum-stability": "stable",
    "stability-flags": [],
    "prefer-stable": false,
    "prefer-lowest": false,
    "platform": [],
    "platform-dev": [],
    "plugin-api-version": "2.1.0"
}
