{
    "_readme": [
        "This file locks the dependencies of your project to a known state",
        "Read more about it at https://getcomposer.org/doc/01-basic-usage.md#installing-dependencies",
        "This file is @generated automatically"
    ],
    "content-hash": "4390cc7ebf25b222a3b1f0a3c421aa5d",
    "packages": [
        {
            "name": "a5hleyrich/wp-background-processing",
            "version": "1.1.1",
            "source": {
                "type": "git",
                "url": "https://github.com/deliciousbrains/wp-background-processing.git",
                "reference": "ebbed762c42e70e76573ffbd36e591378ba5f2ee"
            },
            "dist": {
                "type": "zip",
                "url": "https://api.github.com/repos/deliciousbrains/wp-background-processing/zipball/ebbed762c42e70e76573ffbd36e591378ba5f2ee",
                "reference": "ebbed762c42e70e76573ffbd36e591378ba5f2ee",
                "shasum": ""
            },
            "require": {
                "php": ">=5.6"
            },
            "require-dev": {
                "phpcompatibility/phpcompatibility-wp": "*",
                "phpunit/phpunit": "^8.0",
                "spryker/code-sniffer": "^0.17.18",
                "wp-coding-standards/wpcs": "^2.3",
                "yoast/phpunit-polyfills": "^1.0"
            },
            "suggest": {
                "coenjacobs/mozart": "Easily wrap this library with your own prefix, to prevent collisions when multiple plugins use this library"
            },
            "type": "library",
            "autoload": {
                "classmap": [
                    "classes/"
                ]
            },
            "notification-url": "https://packagist.org/downloads/",
            "license": [
                "GPL-2.0-or-later"
            ],
            "authors": [
                {
                    "name": "Delicious Brains",
                    "email": "nom@deliciousbrains.com"
                }
            ],
            "description": "WP Background Processing can be used to fire off non-blocking asynchronous requests or as a background processing tool, allowing you to queue tasks.",
            "support": {
                "issues": "https://github.com/deliciousbrains/wp-background-processing/issues",
                "source": "https://github.com/deliciousbrains/wp-background-processing/tree/1.1.1"
            },
            "time": "2023-07-18T10:22:06+00:00"
        },
        {
            "name": "cloudinary/cloudinary_php",
            "version": "1.20.2",
            "source": {
                "type": "git",
                "url": "git@github.com:cloudinary/cloudinary_php.git",
                "reference": "c5d2eb500a92802ef958f8bb36d81af07fb3f6f7"
            },
            "dist": {
                "type": "zip",
                "url": "https://api.github.com/repos/cloudinary/cloudinary_php/zipball/c5d2eb500a92802ef958f8bb36d81af07fb3f6f7",
                "reference": "c5d2eb500a92802ef958f8bb36d81af07fb3f6f7",
                "shasum": ""
            },
            "require": {
                "ext-curl": "*",
                "ext-json": "*",
                "php": ">=5.4.0"
            },
            "require-dev": {
                "ext-zip": "*",
                "phpunit/phpunit": "4.8.*"
            },
            "type": "library",
            "autoload": {
                "files": [
                    "src/Helpers.php"
                ],
                "classmap": [
                    "src"
                ]
            },
            "notification-url": "https://packagist.org/downloads/",
            "license": [
                "MIT"
            ],
            "authors": [
                {
                    "name": "Cloudinary",
                    "homepage": "https://github.com/cloudinary/cloudinary_php/graphs/contributors"
                }
            ],
            "description": "Cloudinary PHP SDK",
            "homepage": "https://github.com/cloudinary/cloudinary_php",
            "keywords": [
                "cdn",
                "cloud",
                "cloudinary",
                "image management",
                "sdk"
            ],
            "support": {
                "email": "info@cloudinary.com",
                "issues": "https://github.com/cloudinary/cloudinary_php/issues"
            },
            "time": "2023-02-09T18:55:50+00:00"
        },
        {
            "name": "collizo4sky/persist-admin-notices-dismissal",
            "version": "1.4.4",
            "source": {
                "type": "git",
                "url": "https://github.com/w3guy/persist-admin-notices-dismissal.git",
                "reference": "900739eb6b0ec0210465f5983a6d4e0e420289e4"
            },
            "dist": {
                "type": "zip",
                "url": "https://api.github.com/repos/w3guy/persist-admin-notices-dismissal/zipball/900739eb6b0ec0210465f5983a6d4e0e420289e4",
                "reference": "900739eb6b0ec0210465f5983a6d4e0e420289e4",
                "shasum": ""
            },
            "require": {
                "php": ">=5.4"
            },
            "type": "library",
            "autoload": {
                "classmap": [
                    "persist-admin-notices-dismissal.php"
                ]
            },
            "notification-url": "https://packagist.org/downloads/",
            "license": [
                "GPL-3.0-or-later"
            ],
            "authors": [
                {
                    "name": "Collins Agbonghama",
                    "email": "me@w3guy.com",
                    "role": "developer"
                }
            ],
            "description": "Simple library to persist dismissal of admin notices across pages in WordPress dashboard.",
            "support": {
                "issues": "https://github.com/w3guy/persist-admin-notices-dismissal/issues",
                "source": "https://github.com/w3guy/persist-admin-notices-dismissal"
            },
            "time": "2020-12-31T17:12:37+00:00"
        },
        {
            "name": "mwender/php-form",
            "version": "dev-master",
            "source": {
                "type": "git",
                "url": "https://github.com/mwender/php-form.git",
                "reference": "022ec79668bfbf02cc1ca9f7e05476dd4d780b22"
            },
            "dist": {
                "type": "zip",
                "url": "https://api.github.com/repos/mwender/php-form/zipball/022ec79668bfbf02cc1ca9f7e05476dd4d780b22",
                "reference": "022ec79668bfbf02cc1ca9f7e05476dd4d780b22",
                "shasum": ""
            },
            "require": {
                "ext-mbstring": "*",
                "php": ">=5.4.0"
            },
            "suggest": {
                "ext-intl": "Intl extension is useful for validating formatted numbers"
            },
            "default-branch": true,
            "type": "library",
            "autoload": {
                "psr-4": {
                    "Form\\": "src/"
                }
            },
            "license": [
                "MIT"
            ],
            "description": "Lightweight form validation library for PHP [forked from rlanvin/php-form for PHP8 compat]",
            "homepage": "https://github.com/mwender/php-form",
            "keywords": [
                "form",
                "validation"
            ],
            "support": {
                "source": "https://github.com/mwender/php-form/tree/master"
            },
            "time": "2024-01-12T15:28:39+00:00"
        },
        {
            "name": "zordius/lightncandy",
            "version": "v1.2.6",
            "source": {
                "type": "git",
                "url": "https://github.com/zordius/lightncandy.git",
                "reference": "b451f73e8b5c73e62e365997ba3c993a0376b72a"
            },
            "dist": {
                "type": "zip",
                "url": "https://api.github.com/repos/zordius/lightncandy/zipball/b451f73e8b5c73e62e365997ba3c993a0376b72a",
                "reference": "b451f73e8b5c73e62e365997ba3c993a0376b72a",
                "shasum": ""
            },
            "require": {
                "php": ">=7.1.0"
            },
            "require-dev": {
                "phpunit/phpunit": ">=7"
            },
            "type": "library",
            "extra": {
                "branch-alias": {
                    "dev-master": "1.2.5-dev"
                }
            },
            "autoload": {
                "psr-4": {
                    "LightnCandy\\": "src"
                }
            },
            "notification-url": "https://packagist.org/downloads/",
            "license": [
                "MIT"
            ],
            "authors": [
                {
                    "name": "Zordius Chen",
                    "email": "zordius@gmail.com"
                }
            ],
            "description": "An extremely fast PHP implementation of handlebars ( http://handlebarsjs.com/ ) and mustache ( http://mustache.github.io/ ).",
            "homepage": "https://github.com/zordius/lightncandy",
            "keywords": [
                "handlebars",
                "logicless",
                "mustache",
                "php",
                "template"
            ],
            "support": {
                "issues": "https://github.com/zordius/lightncandy/issues",
                "source": "https://github.com/zordius/lightncandy/tree/v1.2.6"
            },
            "time": "2021-07-11T04:52:41+00:00"
        }
    ],
    "packages-dev": [],
    "aliases": [],
    "minimum-stability": "dev",
    "stability-flags": {
        "mwender/php-form": 20
    },
    "prefer-stable": true,
    "prefer-lowest": false,
    "platform": {
        "php": ">=8.0"
    },
    "platform-dev": [],
    "plugin-api-version": "2.3.0"
}
